// !$*UTF8*$!
{
	archiveVersion = 1;
	classes = {
	};
	objectVersion = 55;
	objects = {

/* Begin PBXBuildFile section */
		A356BFD32800B1B800A57928 /* Tests_iOS.swift in Sources */ = {isa = PBXBuildFile; fileRef = A356BFD22800B1B800A57928 /* Tests_iOS.swift */; };
		A356BFD52800B1B800A57928 /* Tests_iOSLaunchTests.swift in Sources */ = {isa = PBXBuildFile; fileRef = A356BFD42800B1B800A57928 /* Tests_iOSLaunchTests.swift */; };
		A356BFDF2800B1B800A57928 /* Tests_macOS.swift in Sources */ = {isa = PBXBuildFile; fileRef = A356BFDE2800B1B800A57928 /* Tests_macOS.swift */; };
		A356BFE12800B1B900A57928 /* Tests_macOSLaunchTests.swift in Sources */ = {isa = PBXBuildFile; fileRef = A356BFE02800B1B900A57928 /* Tests_macOSLaunchTests.swift */; };
		A356BFE22800B1B900A57928 /* Final_Project___Ising_ModelApp.swift in Sources */ = {isa = PBXBuildFile; fileRef = A356BFBA2800B1B600A57928 /* Final_Project___Ising_ModelApp.swift */; };
		A356BFE32800B1B900A57928 /* Final_Project___Ising_ModelApp.swift in Sources */ = {isa = PBXBuildFile; fileRef = A356BFBA2800B1B600A57928 /* Final_Project___Ising_ModelApp.swift */; };
		A356BFE42800B1B900A57928 /* ContentView.swift in Sources */ = {isa = PBXBuildFile; fileRef = A356BFBB2800B1B600A57928 /* ContentView.swift */; };
		A356BFE52800B1B900A57928 /* ContentView.swift in Sources */ = {isa = PBXBuildFile; fileRef = A356BFBB2800B1B600A57928 /* ContentView.swift */; };
		A356BFE62800B1B900A57928 /* Assets.xcassets in Resources */ = {isa = PBXBuildFile; fileRef = A356BFBC2800B1B800A57928 /* Assets.xcassets */; };
		A356BFE72800B1B900A57928 /* Assets.xcassets in Resources */ = {isa = PBXBuildFile; fileRef = A356BFBC2800B1B800A57928 /* Assets.xcassets */; };
		A356BFF82800B23100A57928 /* CorePlot in Frameworks */ = {isa = PBXBuildFile; productRef = A356BFF72800B23100A57928 /* CorePlot */; };
		A356BFFB2800B25900A57928 /* CorePlot in Frameworks */ = {isa = PBXBuildFile; productRef = A356BFFA2800B25900A57928 /* CorePlot */; };
		A356BFFD2800B3D000A57928 /* CorePlot.swift in Sources */ = {isa = PBXBuildFile; fileRef = A356BFFC2800B3D000A57928 /* CorePlot.swift */; };
		A356BFFE2800B3D000A57928 /* CorePlot.swift in Sources */ = {isa = PBXBuildFile; fileRef = A356BFFC2800B3D000A57928 /* CorePlot.swift */; };
		A356C0002800B3F300A57928 /* PlotDataClass.swift in Sources */ = {isa = PBXBuildFile; fileRef = A356BFFF2800B3F300A57928 /* PlotDataClass.swift */; };
		A356C0012800B3F300A57928 /* PlotDataClass.swift in Sources */ = {isa = PBXBuildFile; fileRef = A356BFFF2800B3F300A57928 /* PlotDataClass.swift */; };
		A356C0032800B41800A57928 /* PlotClass.swift in Sources */ = {isa = PBXBuildFile; fileRef = A356C0022800B41800A57928 /* PlotClass.swift */; };
		A356C0042800B41800A57928 /* PlotClass.swift in Sources */ = {isa = PBXBuildFile; fileRef = A356C0022800B41800A57928 /* PlotClass.swift */; };
		A356C0062800B43E00A57928 /* ChangingPlotParameters.swift in Sources */ = {isa = PBXBuildFile; fileRef = A356C0052800B43E00A57928 /* ChangingPlotParameters.swift */; };
		A356C0072800B43E00A57928 /* ChangingPlotParameters.swift in Sources */ = {isa = PBXBuildFile; fileRef = A356C0052800B43E00A57928 /* ChangingPlotParameters.swift */; };
		A356C0092800B68000A57928 /* GridView.swift in Sources */ = {isa = PBXBuildFile; fileRef = A356C0082800B68000A57928 /* GridView.swift */; };
		A356C00A2800B68000A57928 /* GridView.swift in Sources */ = {isa = PBXBuildFile; fileRef = A356C0082800B68000A57928 /* GridView.swift */; };
		A356C00C2802186E00A57928 /* MetropolisAlgorithm.swift in Sources */ = {isa = PBXBuildFile; fileRef = A356C00B2802186E00A57928 /* MetropolisAlgorithm.swift */; };
		A356C00D2802186E00A57928 /* MetropolisAlgorithm.swift in Sources */ = {isa = PBXBuildFile; fileRef = A356C00B2802186E00A57928 /* MetropolisAlgorithm.swift */; };
		A3D79D7528033599006DC3BB /* DrawingView.swift in Sources */ = {isa = PBXBuildFile; fileRef = A3D79D7428033599006DC3BB /* DrawingView.swift */; };
		A3D79D7628033599006DC3BB /* DrawingView.swift in Sources */ = {isa = PBXBuildFile; fileRef = A3D79D7428033599006DC3BB /* DrawingView.swift */; };
		A3D79D7828037F30006DC3BB /* ScatterPlot.swift in Sources */ = {isa = PBXBuildFile; fileRef = A3D79D7728037F30006DC3BB /* ScatterPlot.swift */; };
		A3D79D7928037F30006DC3BB /* ScatterPlot.swift in Sources */ = {isa = PBXBuildFile; fileRef = A3D79D7728037F30006DC3BB /* ScatterPlot.swift */; };
/* End PBXBuildFile section */

/* Begin PBXContainerItemProxy section */
		A356BFCF2800B1B800A57928 /* PBXContainerItemProxy */ = {
			isa = PBXContainerItemProxy;
			containerPortal = A356BFB52800B1B500A57928 /* Project object */;
			proxyType = 1;
			remoteGlobalIDString = A356BFC02800B1B800A57928;
			remoteInfo = "Final Project - Ising Model (iOS)";
		};
		A356BFDB2800B1B800A57928 /* PBXContainerItemProxy */ = {
			isa = PBXContainerItemProxy;
			containerPortal = A356BFB52800B1B500A57928 /* Project object */;
			proxyType = 1;
			remoteGlobalIDString = A356BFC62800B1B800A57928;
			remoteInfo = "Final Project - Ising Model (macOS)";
		};
/* End PBXContainerItemProxy section */

/* Begin PBXFileReference section */
		A356BFBA2800B1B600A57928 /* Final_Project___Ising_ModelApp.swift */ = {isa = PBXFileReference; lastKnownFileType = sourcecode.swift; path = "Final_Project___Ising_ModelApp.swift"; sourceTree = "<group>"; };
		A356BFBB2800B1B600A57928 /* ContentView.swift */ = {isa = PBXFileReference; lastKnownFileType = sourcecode.swift; path = ContentView.swift; sourceTree = "<group>"; };
		A356BFBC2800B1B800A57928 /* Assets.xcassets */ = {isa = PBXFileReference; lastKnownFileType = folder.assetcatalog; path = Assets.xcassets; sourceTree = "<group>"; };
		A356BFC12800B1B800A57928 /* Final Project - Ising Model.app */ = {isa = PBXFileReference; explicitFileType = wrapper.application; includeInIndex = 0; path = "Final Project - Ising Model.app"; sourceTree = BUILT_PRODUCTS_DIR; };
		A356BFC72800B1B800A57928 /* Final Project - Ising Model.app */ = {isa = PBXFileReference; explicitFileType = wrapper.application; includeInIndex = 0; path = "Final Project - Ising Model.app"; sourceTree = BUILT_PRODUCTS_DIR; };
		A356BFC92800B1B800A57928 /* macOS.entitlements */ = {isa = PBXFileReference; lastKnownFileType = text.plist.entitlements; path = macOS.entitlements; sourceTree = "<group>"; };
		A356BFCE2800B1B800A57928 /* Tests iOS.xctest */ = {isa = PBXFileReference; explicitFileType = wrapper.cfbundle; includeInIndex = 0; path = "Tests iOS.xctest"; sourceTree = BUILT_PRODUCTS_DIR; };
		A356BFD22800B1B800A57928 /* Tests_iOS.swift */ = {isa = PBXFileReference; lastKnownFileType = sourcecode.swift; path = Tests_iOS.swift; sourceTree = "<group>"; };
		A356BFD42800B1B800A57928 /* Tests_iOSLaunchTests.swift */ = {isa = PBXFileReference; lastKnownFileType = sourcecode.swift; path = Tests_iOSLaunchTests.swift; sourceTree = "<group>"; };
		A356BFDA2800B1B800A57928 /* Tests macOS.xctest */ = {isa = PBXFileReference; explicitFileType = wrapper.cfbundle; includeInIndex = 0; path = "Tests macOS.xctest"; sourceTree = BUILT_PRODUCTS_DIR; };
		A356BFDE2800B1B800A57928 /* Tests_macOS.swift */ = {isa = PBXFileReference; lastKnownFileType = sourcecode.swift; path = Tests_macOS.swift; sourceTree = "<group>"; };
		A356BFE02800B1B900A57928 /* Tests_macOSLaunchTests.swift */ = {isa = PBXFileReference; lastKnownFileType = sourcecode.swift; path = Tests_macOSLaunchTests.swift; sourceTree = "<group>"; };
		A356BFFC2800B3D000A57928 /* CorePlot.swift */ = {isa = PBXFileReference; lastKnownFileType = sourcecode.swift; path = CorePlot.swift; sourceTree = "<group>"; };
		A356BFFF2800B3F300A57928 /* PlotDataClass.swift */ = {isa = PBXFileReference; lastKnownFileType = sourcecode.swift; path = PlotDataClass.swift; sourceTree = "<group>"; };
		A356C0022800B41800A57928 /* PlotClass.swift */ = {isa = PBXFileReference; lastKnownFileType = sourcecode.swift; path = PlotClass.swift; sourceTree = "<group>"; };
		A356C0052800B43E00A57928 /* ChangingPlotParameters.swift */ = {isa = PBXFileReference; lastKnownFileType = sourcecode.swift; path = ChangingPlotParameters.swift; sourceTree = "<group>"; };
		A356C0082800B68000A57928 /* GridView.swift */ = {isa = PBXFileReference; lastKnownFileType = sourcecode.swift; path = GridView.swift; sourceTree = "<group>"; };
		A356C00B2802186E00A57928 /* MetropolisAlgorithm.swift */ = {isa = PBXFileReference; lastKnownFileType = sourcecode.swift; path = MetropolisAlgorithm.swift; sourceTree = "<group>"; };
		A3D79D7428033599006DC3BB /* DrawingView.swift */ = {isa = PBXFileReference; lastKnownFileType = sourcecode.swift; path = DrawingView.swift; sourceTree = "<group>"; };
		A3D79D7728037F30006DC3BB /* ScatterPlot.swift */ = {isa = PBXFileReference; lastKnownFileType = sourcecode.swift; path = ScatterPlot.swift; sourceTree = "<group>"; };
/* End PBXFileReference section */

/* Begin PBXFrameworksBuildPhase section */
		A356BFBE2800B1B800A57928 /* Frameworks */ = {
			isa = PBXFrameworksBuildPhase;
			buildActionMask = 2147483647;
			files = (
				A356BFF82800B23100A57928 /* CorePlot in Frameworks */,
			);
			runOnlyForDeploymentPostprocessing = 0;
		};
		A356BFC42800B1B800A57928 /* Frameworks */ = {
			isa = PBXFrameworksBuildPhase;
			buildActionMask = 2147483647;
			files = (
				A356BFFB2800B25900A57928 /* CorePlot in Frameworks */,
			);
			runOnlyForDeploymentPostprocessing = 0;
		};
		A356BFCB2800B1B800A57928 /* Frameworks */ = {
			isa = PBXFrameworksBuildPhase;
			buildActionMask = 2147483647;
			files = (
			);
			runOnlyForDeploymentPostprocessing = 0;
		};
		A356BFD72800B1B800A57928 /* Frameworks */ = {
			isa = PBXFrameworksBuildPhase;
			buildActionMask = 2147483647;
			files = (
			);
			runOnlyForDeploymentPostprocessing = 0;
		};
/* End PBXFrameworksBuildPhase section */

/* Begin PBXGroup section */
		A356BFB42800B1B500A57928 = {
			isa = PBXGroup;
			children = (
				A356BFB92800B1B600A57928 /* Shared */,
				A356BFC82800B1B800A57928 /* macOS */,
				A356BFD12800B1B800A57928 /* Tests iOS */,
				A356BFDD2800B1B800A57928 /* Tests macOS */,
				A356BFC22800B1B800A57928 /* Products */,
				A356BFF92800B25900A57928 /* Frameworks */,
			);
			sourceTree = "<group>";
		};
		A356BFB92800B1B600A57928 /* Shared */ = {
			isa = PBXGroup;
			children = (
				A356BFBA2800B1B600A57928 /* Final_Project___Ising_ModelApp.swift */,
				A356BFBB2800B1B600A57928 /* ContentView.swift */,
				A356BFBC2800B1B800A57928 /* Assets.xcassets */,
				A356C00B2802186E00A57928 /* MetropolisAlgorithm.swift */,
				A356C0082800B68000A57928 /* GridView.swift */,
				A3D79D7428033599006DC3BB /* DrawingView.swift */,
				A3D79D7728037F30006DC3BB /* ScatterPlot.swift */,
				A356C0052800B43E00A57928 /* ChangingPlotParameters.swift */,
				A356C0022800B41800A57928 /* PlotClass.swift */,
				A356BFFF2800B3F300A57928 /* PlotDataClass.swift */,
				A356BFFC2800B3D000A57928 /* CorePlot.swift */,
			);
			path = Shared;
			sourceTree = "<group>";
		};
		A356BFC22800B1B800A57928 /* Products */ = {
			isa = PBXGroup;
			children = (
				A356BFC12800B1B800A57928 /* Final Project - Ising Model.app */,
				A356BFC72800B1B800A57928 /* Final Project - Ising Model.app */,
				A356BFCE2800B1B800A57928 /* Tests iOS.xctest */,
				A356BFDA2800B1B800A57928 /* Tests macOS.xctest */,
			);
			name = Products;
			sourceTree = "<group>";
		};
		A356BFC82800B1B800A57928 /* macOS */ = {
			isa = PBXGroup;
			children = (
				A356BFC92800B1B800A57928 /* macOS.entitlements */,
			);
			path = macOS;
			sourceTree = "<group>";
		};
		A356BFD12800B1B800A57928 /* Tests iOS */ = {
			isa = PBXGroup;
			children = (
				A356BFD22800B1B800A57928 /* Tests_iOS.swift */,
				A356BFD42800B1B800A57928 /* Tests_iOSLaunchTests.swift */,
			);
			path = "Tests iOS";
			sourceTree = "<group>";
		};
		A356BFDD2800B1B800A57928 /* Tests macOS */ = {
			isa = PBXGroup;
			children = (
				A356BFDE2800B1B800A57928 /* Tests_macOS.swift */,
				A356BFE02800B1B900A57928 /* Tests_macOSLaunchTests.swift */,
			);
			path = "Tests macOS";
			sourceTree = "<group>";
		};
		A356BFF92800B25900A57928 /* Frameworks */ = {
			isa = PBXGroup;
			children = (
			);
			name = Frameworks;
			sourceTree = "<group>";
		};
/* End PBXGroup section */

/* Begin PBXNativeTarget section */
		A356BFC02800B1B800A57928 /* Final Project - Ising Model (iOS) */ = {
			isa = PBXNativeTarget;
			buildConfigurationList = A356BFEA2800B1B900A57928 /* Build configuration list for PBXNativeTarget "Final Project - Ising Model (iOS)" */;
			buildPhases = (
				A356BFBD2800B1B800A57928 /* Sources */,
				A356BFBE2800B1B800A57928 /* Frameworks */,
				A356BFBF2800B1B800A57928 /* Resources */,
			);
			buildRules = (
			);
			dependencies = (
			);
			name = "Final Project - Ising Model (iOS)";
			packageProductDependencies = (
				A356BFF72800B23100A57928 /* CorePlot */,
			);
			productName = "Final Project - Ising Model (iOS)";
			productReference = A356BFC12800B1B800A57928 /* Final Project - Ising Model.app */;
			productType = "com.apple.product-type.application";
		};
		A356BFC62800B1B800A57928 /* Final Project - Ising Model (macOS) */ = {
			isa = PBXNativeTarget;
			buildConfigurationList = A356BFED2800B1B900A57928 /* Build configuration list for PBXNativeTarget "Final Project - Ising Model (macOS)" */;
			buildPhases = (
				A356BFC32800B1B800A57928 /* Sources */,
				A356BFC42800B1B800A57928 /* Frameworks */,
				A356BFC52800B1B800A57928 /* Resources */,
			);
			buildRules = (
			);
			dependencies = (
			);
			name = "Final Project - Ising Model (macOS)";
			packageProductDependencies = (
				A356BFFA2800B25900A57928 /* CorePlot */,
			);
			productName = "Final Project - Ising Model (macOS)";
			productReference = A356BFC72800B1B800A57928 /* Final Project - Ising Model.app */;
			productType = "com.apple.product-type.application";
		};
		A356BFCD2800B1B800A57928 /* Tests iOS */ = {
			isa = PBXNativeTarget;
			buildConfigurationList = A356BFF02800B1B900A57928 /* Build configuration list for PBXNativeTarget "Tests iOS" */;
			buildPhases = (
				A356BFCA2800B1B800A57928 /* Sources */,
				A356BFCB2800B1B800A57928 /* Frameworks */,
				A356BFCC2800B1B800A57928 /* Resources */,
			);
			buildRules = (
			);
			dependencies = (
				A356BFD02800B1B800A57928 /* PBXTargetDependency */,
			);
			name = "Tests iOS";
			productName = "Tests iOS";
			productReference = A356BFCE2800B1B800A57928 /* Tests iOS.xctest */;
			productType = "com.apple.product-type.bundle.ui-testing";
		};
		A356BFD92800B1B800A57928 /* Tests macOS */ = {
			isa = PBXNativeTarget;
			buildConfigurationList = A356BFF32800B1B900A57928 /* Build configuration list for PBXNativeTarget "Tests macOS" */;
			buildPhases = (
				A356BFD62800B1B800A57928 /* Sources */,
				A356BFD72800B1B800A57928 /* Frameworks */,
				A356BFD82800B1B800A57928 /* Resources */,
			);
			buildRules = (
			);
			dependencies = (
				A356BFDC2800B1B800A57928 /* PBXTargetDependency */,
			);
			name = "Tests macOS";
			productName = "Tests macOS";
			productReference = A356BFDA2800B1B800A57928 /* Tests macOS.xctest */;
			productType = "com.apple.product-type.bundle.ui-testing";
		};
/* End PBXNativeTarget section */

/* Begin PBXProject section */
		A356BFB52800B1B500A57928 /* Project object */ = {
			isa = PBXProject;
			attributes = {
				BuildIndependentTargetsInParallel = 1;
				LastSwiftUpdateCheck = 1320;
				LastUpgradeCheck = 1320;
				TargetAttributes = {
					A356BFC02800B1B800A57928 = {
						CreatedOnToolsVersion = 13.2.1;
					};
					A356BFC62800B1B800A57928 = {
						CreatedOnToolsVersion = 13.2.1;
					};
					A356BFCD2800B1B800A57928 = {
						CreatedOnToolsVersion = 13.2.1;
						TestTargetID = A356BFC02800B1B800A57928;
					};
					A356BFD92800B1B800A57928 = {
						CreatedOnToolsVersion = 13.2.1;
						TestTargetID = A356BFC62800B1B800A57928;
					};
				};
			};
			buildConfigurationList = A356BFB82800B1B500A57928 /* Build configuration list for PBXProject "Final Project - Ising Model" */;
			compatibilityVersion = "Xcode 13.0";
			developmentRegion = en;
			hasScannedForEncodings = 0;
			knownRegions = (
				en,
				Base,
			);
			mainGroup = A356BFB42800B1B500A57928;
			packageReferences = (
				A356BFF62800B23000A57928 /* XCRemoteSwiftPackageReference "core-plot" */,
			);
			productRefGroup = A356BFC22800B1B800A57928 /* Products */;
			projectDirPath = "";
			projectRoot = "";
			targets = (
				A356BFC02800B1B800A57928 /* Final Project - Ising Model (iOS) */,
				A356BFC62800B1B800A57928 /* Final Project - Ising Model (macOS) */,
				A356BFCD2800B1B800A57928 /* Tests iOS */,
				A356BFD92800B1B800A57928 /* Tests macOS */,
			);
		};
/* End PBXProject section */

/* Begin PBXResourcesBuildPhase section */
		A356BFBF2800B1B800A57928 /* Resources */ = {
			isa = PBXResourcesBuildPhase;
			buildActionMask = 2147483647;
			files = (
				A356BFE62800B1B900A57928 /* Assets.xcassets in Resources */,
			);
			runOnlyForDeploymentPostprocessing = 0;
		};
		A356BFC52800B1B800A57928 /* Resources */ = {
			isa = PBXResourcesBuildPhase;
			buildActionMask = 2147483647;
			files = (
				A356BFE72800B1B900A57928 /* Assets.xcassets in Resources */,
			);
			runOnlyForDeploymentPostprocessing = 0;
		};
		A356BFCC2800B1B800A57928 /* Resources */ = {
			isa = PBXResourcesBuildPhase;
			buildActionMask = 2147483647;
			files = (
			);
			runOnlyForDeploymentPostprocessing = 0;
		};
		A356BFD82800B1B800A57928 /* Resources */ = {
			isa = PBXResourcesBuildPhase;
			buildActionMask = 2147483647;
			files = (
			);
			runOnlyForDeploymentPostprocessing = 0;
		};
/* End PBXResourcesBuildPhase section */

/* Begin PBXSourcesBuildPhase section */
		A356BFBD2800B1B800A57928 /* Sources */ = {
			isa = PBXSourcesBuildPhase;
			buildActionMask = 2147483647;
			files = (
				A356BFFD2800B3D000A57928 /* CorePlot.swift in Sources */,
				A3D79D7528033599006DC3BB /* DrawingView.swift in Sources */,
				A356C00C2802186E00A57928 /* MetropolisAlgorithm.swift in Sources */,
				A356C0092800B68000A57928 /* GridView.swift in Sources */,
				A356C0002800B3F300A57928 /* PlotDataClass.swift in Sources */,
				A356BFE42800B1B900A57928 /* ContentView.swift in Sources */,
				A356BFE22800B1B900A57928 /* Final_Project___Ising_ModelApp.swift in Sources */,
				A356C0032800B41800A57928 /* PlotClass.swift in Sources */,
				A356C0062800B43E00A57928 /* ChangingPlotParameters.swift in Sources */,
				A3D79D7828037F30006DC3BB /* ScatterPlot.swift in Sources */,
			);
			runOnlyForDeploymentPostprocessing = 0;
		};
		A356BFC32800B1B800A57928 /* Sources */ = {
			isa = PBXSourcesBuildPhase;
			buildActionMask = 2147483647;
			files = (
				A356BFFE2800B3D000A57928 /* CorePlot.swift in Sources */,
				A3D79D7628033599006DC3BB /* DrawingView.swift in Sources */,
				A356C00D2802186E00A57928 /* MetropolisAlgorithm.swift in Sources */,
				A356C00A2800B68000A57928 /* GridView.swift in Sources */,
				A356C0012800B3F300A57928 /* PlotDataClass.swift in Sources */,
				A356BFE52800B1B900A57928 /* ContentView.swift in Sources */,
				A356BFE32800B1B900A57928 /* Final_Project___Ising_ModelApp.swift in Sources */,
				A356C0042800B41800A57928 /* PlotClass.swift in Sources */,
				A356C0072800B43E00A57928 /* ChangingPlotParameters.swift in Sources */,
				A3D79D7928037F30006DC3BB /* ScatterPlot.swift in Sources */,
			);
			runOnlyForDeploymentPostprocessing = 0;
		};
		A356BFCA2800B1B800A57928 /* Sources */ = {
			isa = PBXSourcesBuildPhase;
			buildActionMask = 2147483647;
			files = (
				A356BFD52800B1B800A57928 /* Tests_iOSLaunchTests.swift in Sources */,
				A356BFD32800B1B800A57928 /* Tests_iOS.swift in Sources */,
			);
			runOnlyForDeploymentPostprocessing = 0;
		};
		A356BFD62800B1B800A57928 /* Sources */ = {
			isa = PBXSourcesBuildPhase;
			buildActionMask = 2147483647;
			files = (
				A356BFE12800B1B900A57928 /* Tests_macOSLaunchTests.swift in Sources */,
				A356BFDF2800B1B800A57928 /* Tests_macOS.swift in Sources */,
			);
			runOnlyForDeploymentPostprocessing = 0;
		};
/* End PBXSourcesBuildPhase section */

/* Begin PBXTargetDependency section */
		A356BFD02800B1B800A57928 /* PBXTargetDependency */ = {
			isa = PBXTargetDependency;
			target = A356BFC02800B1B800A57928 /* Final Project - Ising Model (iOS) */;
			targetProxy = A356BFCF2800B1B800A57928 /* PBXContainerItemProxy */;
		};
		A356BFDC2800B1B800A57928 /* PBXTargetDependency */ = {
			isa = PBXTargetDependency;
			target = A356BFC62800B1B800A57928 /* Final Project - Ising Model (macOS) */;
			targetProxy = A356BFDB2800B1B800A57928 /* PBXContainerItemProxy */;
		};
/* End PBXTargetDependency section */

/* Begin XCBuildConfiguration section */
		A356BFE82800B1B900A57928 /* Debug */ = {
			isa = XCBuildConfiguration;
			buildSettings = {
				ALWAYS_SEARCH_USER_PATHS = NO;
				CLANG_ANALYZER_NONNULL = YES;
				CLANG_ANALYZER_NUMBER_OBJECT_CONVERSION = YES_AGGRESSIVE;
				CLANG_CXX_LANGUAGE_STANDARD = "gnu++17";
				CLANG_CXX_LIBRARY = "libc++";
				CLANG_ENABLE_MODULES = YES;
				CLANG_ENABLE_OBJC_ARC = YES;
				CLANG_ENABLE_OBJC_WEAK = YES;
				CLANG_WARN_BLOCK_CAPTURE_AUTORELEASING = YES;
				CLANG_WARN_BOOL_CONVERSION = YES;
				CLANG_WARN_COMMA = YES;
				CLANG_WARN_CONSTANT_CONVERSION = YES;
				CLANG_WARN_DEPRECATED_OBJC_IMPLEMENTATIONS = YES;
				CLANG_WARN_DIRECT_OBJC_ISA_USAGE = YES_ERROR;
				CLANG_WARN_DOCUMENTATION_COMMENTS = YES;
				CLANG_WARN_EMPTY_BODY = YES;
				CLANG_WARN_ENUM_CONVERSION = YES;
				CLANG_WARN_INFINITE_RECURSION = YES;
				CLANG_WARN_INT_CONVERSION = YES;
				CLANG_WARN_NON_LITERAL_NULL_CONVERSION = YES;
				CLANG_WARN_OBJC_IMPLICIT_RETAIN_SELF = YES;
				CLANG_WARN_OBJC_LITERAL_CONVERSION = YES;
				CLANG_WARN_OBJC_ROOT_CLASS = YES_ERROR;
				CLANG_WARN_QUOTED_INCLUDE_IN_FRAMEWORK_HEADER = YES;
				CLANG_WARN_RANGE_LOOP_ANALYSIS = YES;
				CLANG_WARN_STRICT_PROTOTYPES = YES;
				CLANG_WARN_SUSPICIOUS_MOVE = YES;
				CLANG_WARN_UNGUARDED_AVAILABILITY = YES_AGGRESSIVE;
				CLANG_WARN_UNREACHABLE_CODE = YES;
				CLANG_WARN__DUPLICATE_METHOD_MATCH = YES;
				COPY_PHASE_STRIP = NO;
				DEBUG_INFORMATION_FORMAT = dwarf;
				ENABLE_STRICT_OBJC_MSGSEND = YES;
				ENABLE_TESTABILITY = YES;
				GCC_C_LANGUAGE_STANDARD = gnu11;
				GCC_DYNAMIC_NO_PIC = NO;
				GCC_NO_COMMON_BLOCKS = YES;
				GCC_OPTIMIZATION_LEVEL = 0;
				GCC_PREPROCESSOR_DEFINITIONS = (
					"DEBUG=1",
					"$(inherited)",
				);
				GCC_WARN_64_TO_32_BIT_CONVERSION = YES;
				GCC_WARN_ABOUT_RETURN_TYPE = YES_ERROR;
				GCC_WARN_UNDECLARED_SELECTOR = YES;
				GCC_WARN_UNINITIALIZED_AUTOS = YES_AGGRESSIVE;
				GCC_WARN_UNUSED_FUNCTION = YES;
				GCC_WARN_UNUSED_VARIABLE = YES;
				MTL_ENABLE_DEBUG_INFO = INCLUDE_SOURCE;
				MTL_FAST_MATH = YES;
				ONLY_ACTIVE_ARCH = YES;
				SWIFT_ACTIVE_COMPILATION_CONDITIONS = DEBUG;
				SWIFT_OPTIMIZATION_LEVEL = "-Onone";
			};
			name = Debug;
		};
		A356BFE92800B1B900A57928 /* Release */ = {
			isa = XCBuildConfiguration;
			buildSettings = {
				ALWAYS_SEARCH_USER_PATHS = NO;
				CLANG_ANALYZER_NONNULL = YES;
				CLANG_ANALYZER_NUMBER_OBJECT_CONVERSION = YES_AGGRESSIVE;
				CLANG_CXX_LANGUAGE_STANDARD = "gnu++17";
				CLANG_CXX_LIBRARY = "libc++";
				CLANG_ENABLE_MODULES = YES;
				CLANG_ENABLE_OBJC_ARC = YES;
				CLANG_ENABLE_OBJC_WEAK = YES;
				CLANG_WARN_BLOCK_CAPTURE_AUTORELEASING = YES;
				CLANG_WARN_BOOL_CONVERSION = YES;
				CLANG_WARN_COMMA = YES;
				CLANG_WARN_CONSTANT_CONVERSION = YES;
				CLANG_WARN_DEPRECATED_OBJC_IMPLEMENTATIONS = YES;
				CLANG_WARN_DIRECT_OBJC_ISA_USAGE = YES_ERROR;
				CLANG_WARN_DOCUMENTATION_COMMENTS = YES;
				CLANG_WARN_EMPTY_BODY = YES;
				CLANG_WARN_ENUM_CONVERSION = YES;
				CLANG_WARN_INFINITE_RECURSION = YES;
				CLANG_WARN_INT_CONVERSION = YES;
				CLANG_WARN_NON_LITERAL_NULL_CONVERSION = YES;
				CLANG_WARN_OBJC_IMPLICIT_RETAIN_SELF = YES;
				CLANG_WARN_OBJC_LITERAL_CONVERSION = YES;
				CLANG_WARN_OBJC_ROOT_CLASS = YES_ERROR;
				CLANG_WARN_QUOTED_INCLUDE_IN_FRAMEWORK_HEADER = YES;
				CLANG_WARN_RANGE_LOOP_ANALYSIS = YES;
				CLANG_WARN_STRICT_PROTOTYPES = YES;
				CLANG_WARN_SUSPICIOUS_MOVE = YES;
				CLANG_WARN_UNGUARDED_AVAILABILITY = YES_AGGRESSIVE;
				CLANG_WARN_UNREACHABLE_CODE = YES;
				CLANG_WARN__DUPLICATE_METHOD_MATCH = YES;
				COPY_PHASE_STRIP = NO;
				DEBUG_INFORMATION_FORMAT = "dwarf-with-dsym";
				ENABLE_NS_ASSERTIONS = NO;
				ENABLE_STRICT_OBJC_MSGSEND = YES;
				GCC_C_LANGUAGE_STANDARD = gnu11;
				GCC_NO_COMMON_BLOCKS = YES;
				GCC_WARN_64_TO_32_BIT_CONVERSION = YES;
				GCC_WARN_ABOUT_RETURN_TYPE = YES_ERROR;
				GCC_WARN_UNDECLARED_SELECTOR = YES;
				GCC_WARN_UNINITIALIZED_AUTOS = YES_AGGRESSIVE;
				GCC_WARN_UNUSED_FUNCTION = YES;
				GCC_WARN_UNUSED_VARIABLE = YES;
				MTL_ENABLE_DEBUG_INFO = NO;
				MTL_FAST_MATH = YES;
				SWIFT_COMPILATION_MODE = wholemodule;
				SWIFT_OPTIMIZATION_LEVEL = "-O";
			};
			name = Release;
		};
		A356BFEB2800B1B900A57928 /* Debug */ = {
			isa = XCBuildConfiguration;
			buildSettings = {
				ASSETCATALOG_COMPILER_APPICON_NAME = AppIcon;
				ASSETCATALOG_COMPILER_GLOBAL_ACCENT_COLOR_NAME = AccentColor;
				CODE_SIGN_STYLE = Automatic;
				CURRENT_PROJECT_VERSION = 1;
				DEVELOPMENT_TEAM = HZ8BHG3P39;
				ENABLE_PREVIEWS = NO;
				GENERATE_INFOPLIST_FILE = YES;
				INFOPLIST_KEY_UIApplicationSceneManifest_Generation = YES;
				INFOPLIST_KEY_UIApplicationSupportsIndirectInputEvents = YES;
				INFOPLIST_KEY_UILaunchScreen_Generation = YES;
				INFOPLIST_KEY_UISupportedInterfaceOrientations_iPad = "UIInterfaceOrientationPortrait UIInterfaceOrientationPortraitUpsideDown UIInterfaceOrientationLandscapeLeft UIInterfaceOrientationLandscapeRight";
				INFOPLIST_KEY_UISupportedInterfaceOrientations_iPhone = "UIInterfaceOrientationPortrait UIInterfaceOrientationLandscapeLeft UIInterfaceOrientationLandscapeRight";
				IPHONEOS_DEPLOYMENT_TARGET = 15.2;
				LD_RUNPATH_SEARCH_PATHS = (
					"$(inherited)",
					"@executable_path/Frameworks",
				);
				MARKETING_VERSION = 1.0;
				PRODUCT_BUNDLE_IDENTIFIER = "IIT-PHYS440.Final-Project---Ising-Model";
				PRODUCT_NAME = "Final Project - Ising Model";
				SDKROOT = iphoneos;
				SWIFT_EMIT_LOC_STRINGS = YES;
				SWIFT_VERSION = 5.0;
				TARGETED_DEVICE_FAMILY = "1,2";
			};
			name = Debug;
		};
		A356BFEC2800B1B900A57928 /* Release */ = {
			isa = XCBuildConfiguration;
			buildSettings = {
				ASSETCATALOG_COMPILER_APPICON_NAME = AppIcon;
				ASSETCATALOG_COMPILER_GLOBAL_ACCENT_COLOR_NAME = AccentColor;
				CODE_SIGN_STYLE = Automatic;
				CURRENT_PROJECT_VERSION = 1;
				DEVELOPMENT_TEAM = HZ8BHG3P39;
				ENABLE_PREVIEWS = NO;
				GENERATE_INFOPLIST_FILE = YES;
				INFOPLIST_KEY_UIApplicationSceneManifest_Generation = YES;
				INFOPLIST_KEY_UIApplicationSupportsIndirectInputEvents = YES;
				INFOPLIST_KEY_UILaunchScreen_Generation = YES;
				INFOPLIST_KEY_UISupportedInterfaceOrientations_iPad = "UIInterfaceOrientationPortrait UIInterfaceOrientationPortraitUpsideDown UIInterfaceOrientationLandscapeLeft UIInterfaceOrientationLandscapeRight";
				INFOPLIST_KEY_UISupportedInterfaceOrientations_iPhone = "UIInterfaceOrientationPortrait UIInterfaceOrientationLandscapeLeft UIInterfaceOrientationLandscapeRight";
				IPHONEOS_DEPLOYMENT_TARGET = 15.2;
				LD_RUNPATH_SEARCH_PATHS = (
					"$(inherited)",
					"@executable_path/Frameworks",
				);
				MARKETING_VERSION = 1.0;
				PRODUCT_BUNDLE_IDENTIFIER = "IIT-PHYS440.Final-Project---Ising-Model";
				PRODUCT_NAME = "Final Project - Ising Model";
				SDKROOT = iphoneos;
				SWIFT_EMIT_LOC_STRINGS = YES;
				SWIFT_VERSION = 5.0;
				TARGETED_DEVICE_FAMILY = "1,2";
				VALIDATE_PRODUCT = YES;
			};
			name = Release;
		};
		A356BFEE2800B1B900A57928 /* Debug */ = {
			isa = XCBuildConfiguration;
			buildSettings = {
				ASSETCATALOG_COMPILER_APPICON_NAME = AppIcon;
				ASSETCATALOG_COMPILER_GLOBAL_ACCENT_COLOR_NAME = AccentColor;
				CODE_SIGN_ENTITLEMENTS = macOS/macOS.entitlements;
				CODE_SIGN_STYLE = Automatic;
				COMBINE_HIDPI_IMAGES = YES;
				CURRENT_PROJECT_VERSION = 1;
				DEVELOPMENT_TEAM = HZ8BHG3P39;
				ENABLE_HARDENED_RUNTIME = YES;
				ENABLE_PREVIEWS = YES;
				GENERATE_INFOPLIST_FILE = YES;
				INFOPLIST_KEY_NSHumanReadableCopyright = "";
				LD_RUNPATH_SEARCH_PATHS = (
					"$(inherited)",
					"@executable_path/../Frameworks",
				);
				MACOSX_DEPLOYMENT_TARGET = 12.1;
				MARKETING_VERSION = 1.0;
				PRODUCT_BUNDLE_IDENTIFIER = "IIT-PHYS440.Final-Project---Ising-Model";
				PRODUCT_NAME = "Final Project - Ising Model";
				SDKROOT = macosx;
				SWIFT_EMIT_LOC_STRINGS = YES;
				SWIFT_VERSION = 5.0;
			};
			name = Debug;
		};
		A356BFEF2800B1B900A57928 /* Release */ = {
			isa = XCBuildConfiguration;
			buildSettings = {
				ASSETCATALOG_COMPILER_APPICON_NAME = AppIcon;
				ASSETCATALOG_COMPILER_GLOBAL_ACCENT_COLOR_NAME = AccentColor;
				CODE_SIGN_ENTITLEMENTS = macOS/macOS.entitlements;
				CODE_SIGN_STYLE = Automatic;
				COMBINE_HIDPI_IMAGES = YES;
				CURRENT_PROJECT_VERSION = 1;
				DEVELOPMENT_TEAM = HZ8BHG3P39;
				ENABLE_HARDENED_RUNTIME = YES;
				ENABLE_PREVIEWS = YES;
				GENERATE_INFOPLIST_FILE = YES;
				INFOPLIST_KEY_NSHumanReadableCopyright = "";
				LD_RUNPATH_SEARCH_PATHS = (
					"$(inherited)",
					"@executable_path/../Frameworks",
				);
				MACOSX_DEPLOYMENT_TARGET = 12.1;
				MARKETING_VERSION = 1.0;
				PRODUCT_BUNDLE_IDENTIFIER = "IIT-PHYS440.Final-Project---Ising-Model";
				PRODUCT_NAME = "Final Project - Ising Model";
				SDKROOT = macosx;
				SWIFT_EMIT_LOC_STRINGS = YES;
				SWIFT_VERSION = 5.0;
			};
			name = Release;
		};
		A356BFF12800B1B900A57928 /* Debug */ = {
			isa = XCBuildConfiguration;
			buildSettings = {
				ALWAYS_EMBED_SWIFT_STANDARD_LIBRARIES = YES;
				CODE_SIGN_STYLE = Automatic;
				CURRENT_PROJECT_VERSION = 1;
				DEVELOPMENT_TEAM = HZ8BHG3P39;
				GENERATE_INFOPLIST_FILE = YES;
				IPHONEOS_DEPLOYMENT_TARGET = 15.2;
				MARKETING_VERSION = 1.0;
				PRODUCT_BUNDLE_IDENTIFIER = "IIT-PHYS440.Tests-iOS";
				PRODUCT_NAME = "$(TARGET_NAME)";
				SDKROOT = iphoneos;
				SWIFT_EMIT_LOC_STRINGS = NO;
				SWIFT_VERSION = 5.0;
				TARGETED_DEVICE_FAMILY = "1,2";
				TEST_TARGET_NAME = "Final Project - Ising Model (iOS)";
			};
			name = Debug;
		};
		A356BFF22800B1B900A57928 /* Release */ = {
			isa = XCBuildConfiguration;
			buildSettings = {
				ALWAYS_EMBED_SWIFT_STANDARD_LIBRARIES = YES;
				CODE_SIGN_STYLE = Automatic;
				CURRENT_PROJECT_VERSION = 1;
				DEVELOPMENT_TEAM = HZ8BHG3P39;
				GENERATE_INFOPLIST_FILE = YES;
				IPHONEOS_DEPLOYMENT_TARGET = 15.2;
				MARKETING_VERSION = 1.0;
				PRODUCT_BUNDLE_IDENTIFIER = "IIT-PHYS440.Tests-iOS";
				PRODUCT_NAME = "$(TARGET_NAME)";
				SDKROOT = iphoneos;
				SWIFT_EMIT_LOC_STRINGS = NO;
				SWIFT_VERSION = 5.0;
				TARGETED_DEVICE_FAMILY = "1,2";
				TEST_TARGET_NAME = "Final Project - Ising Model (iOS)";
				VALIDATE_PRODUCT = YES;
			};
			name = Release;
		};
		A356BFF42800B1B900A57928 /* Debug */ = {
			isa = XCBuildConfiguration;
			buildSettings = {
				ALWAYS_EMBED_SWIFT_STANDARD_LIBRARIES = YES;
				CODE_SIGN_STYLE = Automatic;
				CURRENT_PROJECT_VERSION = 1;
				DEVELOPMENT_TEAM = HZ8BHG3P39;
				GENERATE_INFOPLIST_FILE = YES;
				MACOSX_DEPLOYMENT_TARGET = 12.1;
				MARKETING_VERSION = 1.0;
				PRODUCT_BUNDLE_IDENTIFIER = "IIT-PHYS440.Tests-macOS";
				PRODUCT_NAME = "$(TARGET_NAME)";
				SDKROOT = macosx;
				SWIFT_EMIT_LOC_STRINGS = NO;
				SWIFT_VERSION = 5.0;
				TEST_TARGET_NAME = "Final Project - Ising Model (macOS)";
			};
			name = Debug;
		};
		A356BFF52800B1B900A57928 /* Release */ = {
			isa = XCBuildConfiguration;
			buildSettings = {
				ALWAYS_EMBED_SWIFT_STANDARD_LIBRARIES = YES;
				CODE_SIGN_STYLE = Automatic;
				CURRENT_PROJECT_VERSION = 1;
				DEVELOPMENT_TEAM = HZ8BHG3P39;
				GENERATE_INFOPLIST_FILE = YES;
				MACOSX_DEPLOYMENT_TARGET = 12.1;
				MARKETING_VERSION = 1.0;
				PRODUCT_BUNDLE_IDENTIFIER = "IIT-PHYS440.Tests-macOS";
				PRODUCT_NAME = "$(TARGET_NAME)";
				SDKROOT = macosx;
				SWIFT_EMIT_LOC_STRINGS = NO;
				SWIFT_VERSION = 5.0;
				TEST_TARGET_NAME = "Final Project - Ising Model (macOS)";
			};
			name = Release;
		};
/* End XCBuildConfiguration section */

/* Begin XCConfigurationList section */
		A356BFB82800B1B500A57928 /* Build configuration list for PBXProject "Final Project - Ising Model" */ = {
			isa = XCConfigurationList;
			buildConfigurations = (
				A356BFE82800B1B900A57928 /* Debug */,
				A356BFE92800B1B900A57928 /* Release */,
			);
			defaultConfigurationIsVisible = 0;
			defaultConfigurationName = Release;
		};
		A356BFEA2800B1B900A57928 /* Build configuration list for PBXNativeTarget "Final Project - Ising Model (iOS)" */ = {
			isa = XCConfigurationList;
			buildConfigurations = (
				A356BFEB2800B1B900A57928 /* Debug */,
				A356BFEC2800B1B900A57928 /* Release */,
			);
			defaultConfigurationIsVisible = 0;
			defaultConfigurationName = Release;
		};
		A356BFED2800B1B900A57928 /* Build configuration list for PBXNativeTarget "Final Project - Ising Model (macOS)" */ = {
			isa = XCConfigurationList;
			buildConfigurations = (
				A356BFEE2800B1B900A57928 /* Debug */,
				A356BFEF2800B1B900A57928 /* Release */,
			);
			defaultConfigurationIsVisible = 0;
			defaultConfigurationName = Release;
		};
		A356BFF02800B1B900A57928 /* Build configuration list for PBXNativeTarget "Tests iOS" */ = {
			isa = XCConfigurationList;
			buildConfigurations = (
				A356BFF12800B1B900A57928 /* Debug */,
				A356BFF22800B1B900A57928 /* Release */,
			);
			defaultConfigurationIsVisible = 0;
			defaultConfigurationName = Release;
		};
		A356BFF32800B1B900A57928 /* Build configuration list for PBXNativeTarget "Tests macOS" */ = {
			isa = XCConfigurationList;
			buildConfigurations = (
				A356BFF42800B1B900A57928 /* Debug */,
				A356BFF52800B1B900A57928 /* Release */,
			);
			defaultConfigurationIsVisible = 0;
			defaultConfigurationName = Release;
		};
/* End XCConfigurationList section */

/* Begin XCRemoteSwiftPackageReference section */
		A356BFF62800B23000A57928 /* XCRemoteSwiftPackageReference "core-plot" */ = {
			isa = XCRemoteSwiftPackageReference;
			repositoryURL = "https://github.com/core-plot/core-plot.git";
			requirement = {
				branch = "release-2.4";
				kind = branch;
			};
		};
/* End XCRemoteSwiftPackageReference section */

/* Begin XCSwiftPackageProductDependency section */
		A356BFF72800B23100A57928 /* CorePlot */ = {
			isa = XCSwiftPackageProductDependency;
			package = A356BFF62800B23000A57928 /* XCRemoteSwiftPackageReference "core-plot" */;
			productName = CorePlot;
		};
		A356BFFA2800B25900A57928 /* CorePlot */ = {
			isa = XCSwiftPackageProductDependency;
			package = A356BFF62800B23000A57928 /* XCRemoteSwiftPackageReference "core-plot" */;
			productName = CorePlot;
		};
/* End XCSwiftPackageProductDependency section */
	};
	rootObject = A356BFB52800B1B500A57928 /* Project object */;
}
